// !$*UTF8*$!
{
	archiveVersion = 1;
	classes = {
	};
	objectVersion = 70;
	objects = {

/* Begin PBXBuildFile section */
		11111111111111111111111A /* OneRepStrengthApp.swift in Sources */ = {isa = PBXBuildFile; fileRef = 11111111111111111111111B /* OneRepStrengthApp.swift */; };
		11111111111111111111111C /* ContentView.swift in Sources */ = {isa = PBXBuildFile; fileRef = 11111111111111111111111D /* ContentView.swift */; };
		11111111111111111111111E /* Assets.xcassets in Resources */ = {isa = PBXBuildFile; fileRef = 11111111111111111111111F /* Assets.xcassets */; };
		WATCHAPP0000000000000A /* OneRepWatchApp.swift in Sources */ = {isa = PBXBuildFile; fileRef = WATCHAPP00000000000007 /* OneRepWatchApp.swift */; };
		WATCHAPP0000000000000B /* ContentView.swift in Sources */ = {isa = PBXBuildFile; fileRef = WATCHAPP00000000000008 /* ContentView.swift */; };
		WATCHAPP0000000000000C /* WorkoutView.swift in Sources */ = {isa = PBXBuildFile; fileRef = WATCHAPP00000000000009 /* WorkoutView.swift */; };
		WATCHAPP00000000000015 /* Assets.xcassets in Resources */ = {isa = PBXBuildFile; fileRef = WATCHAPP00000000000014 /* Assets.xcassets */; };
		WATCHAPP00000000000016 /* OneRepWatch.app in Embed Watch Content */ = {isa = PBXBuildFile; fileRef = WATCHAPP00000000000001 /* OneRepWatch.app */; settings = {ATTRIBUTES = (RemoveHeadersOnCopy, ); }; };
		11111111111111111111112A /* AppIntents.swift in Sources */ = {isa = PBXBuildFile; fileRef = 11111111111111111111112B /* AppIntents.swift */; };
		333333333333333333333331 /* Exercise.swift in Sources */ = {isa = PBXBuildFile; fileRef = 333333333333333333333332 /* Exercise.swift */; };
		333333333333333333333335 /* WorkoutLog.swift in Sources */ = {isa = PBXBuildFile; fileRef = 333333333333333333333336 /* WorkoutLog.swift */; };
		333333333333333333333337 /* TimerPhase.swift in Sources */ = {isa = PBXBuildFile; fileRef = 333333333333333333333338 /* TimerPhase.swift */; };
		33333333333333333333333B /* WorkoutTemplate.swift in Sources */ = {isa = PBXBuildFile; fileRef = 33333333333333333333333C /* WorkoutTemplate.swift */; };
		33333333333333333333333E /* BodyMeasurements.swift in Sources */ = {isa = PBXBuildFile; fileRef = 33333333333333333333333D /* BodyMeasurements.swift */; };
		333333333333333333333340 /* WorkoutActivityAttributes.swift in Sources */ = {isa = PBXBuildFile; fileRef = 33333333333333333333333F /* WorkoutActivityAttributes.swift */; };
		444444444444444444444441 /* WorkoutManager.swift in Sources */ = {isa = PBXBuildFile; fileRef = 444444444444444444444442 /* WorkoutManager.swift */; };
		555555555555555555555553 /* WorkoutListView.swift in Sources */ = {isa = PBXBuildFile; fileRef = 555555555555555555555554 /* WorkoutListView.swift */; };
		555555555555555555555555 /* TimerView.swift in Sources */ = {isa = PBXBuildFile; fileRef = 555555555555555555555556 /* TimerView.swift */; };
		555555555555555555555557 /* HistoryView.swift in Sources */ = {isa = PBXBuildFile; fileRef = 555555555555555555555558 /* HistoryView.swift */; };
		555555555555555555555559 /* SettingsView.swift in Sources */ = {isa = PBXBuildFile; fileRef = 55555555555555555555555A /* SettingsView.swift */; };
		55555555555555555555555B /* OnboardingView.swift in Sources */ = {isa = PBXBuildFile; fileRef = 55555555555555555555555C /* OnboardingView.swift */; };
		55555555555555555555555D /* ProfileView.swift in Sources */ = {isa = PBXBuildFile; fileRef = 55555555555555555555555E /* ProfileView.swift */; };
		55555555555555555555555F /* RestView.swift in Sources */ = {isa = PBXBuildFile; fileRef = 555555555555555555555560 /* RestView.swift */; };
		555555555555555555555571 /* DataAnalyticsView.swift in Sources */ = {isa = PBXBuildFile; fileRef = 555555555555555555555572 /* DataAnalyticsView.swift */; };
		555555555555555555555573 /* ProgressChartsView.swift in Sources */ = {isa = PBXBuildFile; fileRef = 555555555555555555555574 /* ProgressChartsView.swift */; };
		555555555555555555555575 /* RoutinesView.swift in Sources */ = {isa = PBXBuildFile; fileRef = 555555555555555555555576 /* RoutinesView.swift */; };
		555555555555555555555577 /* RoutineDetailView.swift in Sources */ = {isa = PBXBuildFile; fileRef = 555555555555555555555578 /* RoutineDetailView.swift */; };
		555555555555555555555579 /* SaveAsTemplateSheet.swift in Sources */ = {isa = PBXBuildFile; fileRef = 55555555555555555555557A /* SaveAsTemplateSheet.swift */; };
		55555555555555555555557C /* StatsView.swift in Sources */ = {isa = PBXBuildFile; fileRef = 55555555555555555555557B /* StatsView.swift */; };
		666666666666666666666661 /* AudioManager.swift in Sources */ = {isa = PBXBuildFile; fileRef = 666666666666666666666662 /* AudioManager.swift */; };
		666666666666666666666665 /* ThemeManager.swift in Sources */ = {isa = PBXBuildFile; fileRef = 666666666666666666666666 /* ThemeManager.swift */; };
		666666666666666666666667 /* WorkoutTemplateManager.swift in Sources */ = {isa = PBXBuildFile; fileRef = 666666666666666666666668 /* WorkoutTemplateManager.swift */; };
		666666666666666666666669 /* WorkoutScheduler.swift in Sources */ = {isa = PBXBuildFile; fileRef = 66666666666666666666666A /* WorkoutScheduler.swift */; };
		66666666666666666666666B /* HealthKitManager.swift in Sources */ = {isa = PBXBuildFile; fileRef = 66666666666666666666666C /* HealthKitManager.swift */; };
		66666666666666666666666D /* CloudSyncManager.swift in Sources */ = {isa = PBXBuildFile; fileRef = 66666666666666666666666E /* CloudSyncManager.swift */; };
		66666666666666666666666F /* SecureStorage.swift in Sources */ = {isa = PBXBuildFile; fileRef = 666666666666666666666670 /* SecureStorage.swift */; };
		666666666666666666666672 /* WorkoutActivityManager.swift in Sources */ = {isa = PBXBuildFile; fileRef = 666666666666666666666671 /* WorkoutActivityManager.swift */; };
		666666666666666666666674 /* WatchConnectivityManager.swift in Sources */ = {isa = PBXBuildFile; fileRef = 666666666666666666666673 /* WatchConnectivityManager.swift */; };
		E1EBE1A355E401CE00000002 /* ElevenLabsService.swift in Sources */ = {isa = PBXBuildFile; fileRef = E1EBE1A355E401CE00000001 /* ElevenLabsService.swift */; };
		VOICECMD00000000000001 /* VoiceCommandService.swift in Sources */ = {isa = PBXBuildFile; fileRef = VOICECMD00000000000000 /* VoiceCommandService.swift */; };
		VOICEBTN00000000000001 /* VoiceCommandButton.swift in Sources */ = {isa = PBXBuildFile; fileRef = VOICEBTN00000000000000 /* VoiceCommandButton.swift */; };
		WHISPERAPI0000000001 /* WhisperAPIService.swift in Sources */ = {isa = PBXBuildFile; fileRef = WHISPERAPI0000000000 /* WhisperAPIService.swift */; };
		E1EBE1A355E401CE00000004 /* ProfileManager.swift in Sources */ = {isa = PBXBuildFile; fileRef = E1EBE1A355E401CE00000003 /* ProfileManager.swift */; };
		E1EBE1A355E401CE00000006 /* Profile.swift in Sources */ = {isa = PBXBuildFile; fileRef = E1EBE1A355E401CE00000005 /* Profile.swift */; };
		E1PARTNER000000000002 /* PartnerWorkoutManager.swift in Sources */ = {isa = PBXBuildFile; fileRef = E1PARTNER000000000001 /* PartnerWorkoutManager.swift */; };
		E1PARTNERV00000000002 /* PartnerWorkoutView.swift in Sources */ = {isa = PBXBuildFile; fileRef = E1PARTNERV00000000001 /* PartnerWorkoutView.swift */; };
		ECC6A4CA2F1B0EC1003465EF /* SoundMappingManager.swift in Sources */ = {isa = PBXBuildFile; fileRef = ECC6A4C92F1B0EC1003465EF /* SoundMappingManager.swift */; };
		ECC6A4CC2F1B0F03003465EF /* SoundMappingView.swift in Sources */ = {isa = PBXBuildFile; fileRef = ECC6A4CB2F1B0F03003465EF /* SoundMappingView.swift */; };
		ECC6AA792F1B44DE003465EF /* default_sound_mappings.json in Resources */ = {isa = PBXBuildFile; fileRef = ECC6AA782F1B44DE003465EF /* default_sound_mappings.json */; };
/* End PBXBuildFile section */

/* Begin PBXContainerItemProxy section */
		WATCHAPP00000000000010 /* PBXContainerItemProxy */ = {
			isa = PBXContainerItemProxy;
			containerPortal = MMMMMMMMMMMMMMMMMMMMMMMM /* Project object */;
			proxyType = 1;
			remoteGlobalIDString = WATCHAPP00000000000002;
			remoteInfo = OneRepWatch;
		};
/* End PBXContainerItemProxy section */

/* Begin PBXCopyFilesBuildPhase section */
		WATCHAPP00000000000013 /* Embed Watch Content */ = {
			isa = PBXCopyFilesBuildPhase;
			buildActionMask = 2147483647;
			dstPath = "$(CONTENTS_FOLDER_PATH)/Watch";
			dstSubfolderSpec = 16;
			files = (
				WATCHAPP00000000000016 /* OneRepWatch.app in Embed Watch Content */,
			);
			name = "Embed Watch Content";
			runOnlyForDeploymentPostprocessing = 0;
		};
/* End PBXCopyFilesBuildPhase section */

/* Begin PBXFileReference section */
		11111111111111111111111B /* OneRepStrengthApp.swift */ = {isa = PBXFileReference; lastKnownFileType = sourcecode.swift; path = OneRepStrengthApp.swift; sourceTree = "<group>"; };
		11111111111111111111111D /* ContentView.swift */ = {isa = PBXFileReference; lastKnownFileType = sourcecode.swift; path = ContentView.swift; sourceTree = "<group>"; };
		11111111111111111111111F /* Assets.xcassets */ = {isa = PBXFileReference; lastKnownFileType = folder.assetcatalog; path = Assets.xcassets; sourceTree = "<group>"; };
		11111111111111111111112B /* AppIntents.swift */ = {isa = PBXFileReference; lastKnownFileType = sourcecode.swift; path = AppIntents.swift; sourceTree = "<group>"; };
		333333333333333333333332 /* Exercise.swift */ = {isa = PBXFileReference; lastKnownFileType = sourcecode.swift; path = Exercise.swift; sourceTree = "<group>"; };
		333333333333333333333336 /* WorkoutLog.swift */ = {isa = PBXFileReference; lastKnownFileType = sourcecode.swift; path = WorkoutLog.swift; sourceTree = "<group>"; };
		333333333333333333333338 /* TimerPhase.swift */ = {isa = PBXFileReference; lastKnownFileType = sourcecode.swift; path = TimerPhase.swift; sourceTree = "<group>"; };
		33333333333333333333333C /* WorkoutTemplate.swift */ = {isa = PBXFileReference; lastKnownFileType = sourcecode.swift; path = WorkoutTemplate.swift; sourceTree = "<group>"; };
		33333333333333333333333D /* BodyMeasurements.swift */ = {isa = PBXFileReference; lastKnownFileType = sourcecode.swift; path = BodyMeasurements.swift; sourceTree = "<group>"; };
		33333333333333333333333F /* WorkoutActivityAttributes.swift */ = {isa = PBXFileReference; lastKnownFileType = sourcecode.swift; path = WorkoutActivityAttributes.swift; sourceTree = "<group>"; };
		444444444444444444444442 /* WorkoutManager.swift */ = {isa = PBXFileReference; lastKnownFileType = sourcecode.swift; path = WorkoutManager.swift; sourceTree = "<group>"; };
		555555555555555555555554 /* WorkoutListView.swift */ = {isa = PBXFileReference; lastKnownFileType = sourcecode.swift; path = WorkoutListView.swift; sourceTree = "<group>"; };
		555555555555555555555556 /* TimerView.swift */ = {isa = PBXFileReference; lastKnownFileType = sourcecode.swift; path = TimerView.swift; sourceTree = "<group>"; };
		555555555555555555555558 /* HistoryView.swift */ = {isa = PBXFileReference; lastKnownFileType = sourcecode.swift; path = HistoryView.swift; sourceTree = "<group>"; };
		55555555555555555555555A /* SettingsView.swift */ = {isa = PBXFileReference; lastKnownFileType = sourcecode.swift; path = SettingsView.swift; sourceTree = "<group>"; };
		55555555555555555555555C /* OnboardingView.swift */ = {isa = PBXFileReference; lastKnownFileType = sourcecode.swift; path = OnboardingView.swift; sourceTree = "<group>"; };
		55555555555555555555555E /* ProfileView.swift */ = {isa = PBXFileReference; lastKnownFileType = sourcecode.swift; path = ProfileView.swift; sourceTree = "<group>"; };
		555555555555555555555560 /* RestView.swift */ = {isa = PBXFileReference; lastKnownFileType = sourcecode.swift; path = RestView.swift; sourceTree = "<group>"; };
		555555555555555555555572 /* DataAnalyticsView.swift */ = {isa = PBXFileReference; lastKnownFileType = sourcecode.swift; path = DataAnalyticsView.swift; sourceTree = "<group>"; };
		555555555555555555555574 /* ProgressChartsView.swift */ = {isa = PBXFileReference; lastKnownFileType = sourcecode.swift; path = ProgressChartsView.swift; sourceTree = "<group>"; };
		555555555555555555555576 /* RoutinesView.swift */ = {isa = PBXFileReference; lastKnownFileType = sourcecode.swift; path = RoutinesView.swift; sourceTree = "<group>"; };
		555555555555555555555578 /* RoutineDetailView.swift */ = {isa = PBXFileReference; lastKnownFileType = sourcecode.swift; path = RoutineDetailView.swift; sourceTree = "<group>"; };
		55555555555555555555557A /* SaveAsTemplateSheet.swift */ = {isa = PBXFileReference; lastKnownFileType = sourcecode.swift; path = SaveAsTemplateSheet.swift; sourceTree = "<group>"; };
		55555555555555555555557B /* StatsView.swift */ = {isa = PBXFileReference; lastKnownFileType = sourcecode.swift; path = StatsView.swift; sourceTree = "<group>"; };
		666666666666666666666662 /* AudioManager.swift */ = {isa = PBXFileReference; lastKnownFileType = sourcecode.swift; path = AudioManager.swift; sourceTree = "<group>"; };
		666666666666666666666666 /* ThemeManager.swift */ = {isa = PBXFileReference; lastKnownFileType = sourcecode.swift; path = ThemeManager.swift; sourceTree = "<group>"; };
		666666666666666666666668 /* WorkoutTemplateManager.swift */ = {isa = PBXFileReference; lastKnownFileType = sourcecode.swift; path = WorkoutTemplateManager.swift; sourceTree = "<group>"; };
		66666666666666666666666A /* WorkoutScheduler.swift */ = {isa = PBXFileReference; lastKnownFileType = sourcecode.swift; path = WorkoutScheduler.swift; sourceTree = "<group>"; };
		66666666666666666666666C /* HealthKitManager.swift */ = {isa = PBXFileReference; lastKnownFileType = sourcecode.swift; path = HealthKitManager.swift; sourceTree = "<group>"; };
		66666666666666666666666E /* CloudSyncManager.swift */ = {isa = PBXFileReference; lastKnownFileType = sourcecode.swift; path = CloudSyncManager.swift; sourceTree = "<group>"; };
		666666666666666666666670 /* SecureStorage.swift */ = {isa = PBXFileReference; lastKnownFileType = sourcecode.swift; path = SecureStorage.swift; sourceTree = "<group>"; };
		666666666666666666666671 /* WorkoutActivityManager.swift */ = {isa = PBXFileReference; lastKnownFileType = sourcecode.swift; path = WorkoutActivityManager.swift; sourceTree = "<group>"; };
		666666666666666666666673 /* WatchConnectivityManager.swift */ = {isa = PBXFileReference; lastKnownFileType = sourcecode.swift; path = WatchConnectivityManager.swift; sourceTree = "<group>"; };
		AAAAAAAAAAAAAAAAAAAAAAAA /* OneRepStrength.app */ = {isa = PBXFileReference; explicitFileType = wrapper.application; includeInIndex = 0; path = OneRepStrength.app; sourceTree = BUILT_PRODUCTS_DIR; };
		WATCHAPP00000000000001 /* OneRepWatch.app */ = {isa = PBXFileReference; explicitFileType = wrapper.application; includeInIndex = 0; path = OneRepWatch.app; sourceTree = BUILT_PRODUCTS_DIR; };
		WATCHAPP00000000000007 /* OneRepWatchApp.swift */ = {isa = PBXFileReference; lastKnownFileType = sourcecode.swift; path = OneRepWatchApp.swift; sourceTree = "<group>"; };
		WATCHAPP00000000000008 /* ContentView.swift */ = {isa = PBXFileReference; lastKnownFileType = sourcecode.swift; path = ContentView.swift; sourceTree = "<group>"; };
		WATCHAPP00000000000009 /* WorkoutView.swift */ = {isa = PBXFileReference; lastKnownFileType = sourcecode.swift; path = WorkoutView.swift; sourceTree = "<group>"; };
		WATCHAPP00000000000014 /* Assets.xcassets */ = {isa = PBXFileReference; lastKnownFileType = folder.assetcatalog; path = Assets.xcassets; sourceTree = "<group>"; };
		WATCHAPP00000000000017 /* Info.plist */ = {isa = PBXFileReference; lastKnownFileType = text.plist.xml; path = Info.plist; sourceTree = "<group>"; };
		E1EBE1A355E401CE00000001 /* ElevenLabsService.swift */ = {isa = PBXFileReference; lastKnownFileType = sourcecode.swift; path = ElevenLabsService.swift; sourceTree = "<group>"; };
		VOICECMD00000000000000 /* VoiceCommandService.swift */ = {isa = PBXFileReference; lastKnownFileType = sourcecode.swift; path = VoiceCommandService.swift; sourceTree = "<group>"; };
		VOICEBTN00000000000000 /* VoiceCommandButton.swift */ = {isa = PBXFileReference; lastKnownFileType = sourcecode.swift; path = VoiceCommandButton.swift; sourceTree = "<group>"; };
		WHISPERAPI0000000000 /* WhisperAPIService.swift */ = {isa = PBXFileReference; lastKnownFileType = sourcecode.swift; path = WhisperAPIService.swift; sourceTree = "<group>"; };
		E1EBE1A355E401CE00000003 /* ProfileManager.swift */ = {isa = PBXFileReference; lastKnownFileType = sourcecode.swift; path = ProfileManager.swift; sourceTree = "<group>"; };
		E1EBE1A355E401CE00000005 /* Profile.swift */ = {isa = PBXFileReference; lastKnownFileType = sourcecode.swift; path = Profile.swift; sourceTree = "<group>"; };
		E1PARTNER000000000001 /* PartnerWorkoutManager.swift */ = {isa = PBXFileReference; lastKnownFileType = sourcecode.swift; path = PartnerWorkoutManager.swift; sourceTree = "<group>"; };
		E1PARTNERV00000000001 /* PartnerWorkoutView.swift */ = {isa = PBXFileReference; lastKnownFileType = sourcecode.swift; path = PartnerWorkoutView.swift; sourceTree = "<group>"; };
		ECC6A4C92F1B0EC1003465EF /* SoundMappingManager.swift */ = {isa = PBXFileReference; lastKnownFileType = sourcecode.swift; path = SoundMappingManager.swift; sourceTree = "<group>"; };
		ECC6A4CB2F1B0F03003465EF /* SoundMappingView.swift */ = {isa = PBXFileReference; lastKnownFileType = sourcecode.swift; path = SoundMappingView.swift; sourceTree = "<group>"; };
		ECC6AA782F1B44DE003465EF /* default_sound_mappings.json */ = {isa = PBXFileReference; lastKnownFileType = text.json; path = default_sound_mappings.json; sourceTree = "<group>"; };
/* End PBXFileReference section */

/* Begin PBXFileSystemSynchronizedRootGroup section */
		ECC6A9DA2F1B20F5003465EF /* Audio 2 */ = {isa = PBXFileSystemSynchronizedRootGroup; explicitFileTypes = {}; explicitFolders = (); path = "Audio 2"; sourceTree = "<group>"; };
/* End PBXFileSystemSynchronizedRootGroup section */

/* Begin PBXFrameworksBuildPhase section */
		BBBBBBBBBBBBBBBBBBBBBBBB /* Frameworks */ = {
			isa = PBXFrameworksBuildPhase;
			buildActionMask = 2147483647;
			files = (
			);
			runOnlyForDeploymentPostprocessing = 0;
		};
/* End PBXFrameworksBuildPhase section */

/* Begin PBXGroup section */
		CCCCCCCCCCCCCCCCCCCCCCCC = {
			isa = PBXGroup;
			children = (
				DDDDDDDDDDDDDDDDDDDDDDDD /* OneRepStrength */,
				WATCHAPP00000000000006 /* OneRepWatch */,
				EEEEEEEEEEEEEEEEEEEEEEEE /* Products */,
			);
			sourceTree = "<group>";
		};
		WATCHAPP00000000000006 /* OneRepWatch */ = {
			isa = PBXGroup;
			children = (
				WATCHAPP00000000000007 /* OneRepWatchApp.swift */,
				WATCHAPP00000000000008 /* ContentView.swift */,
				WATCHAPP00000000000009 /* WorkoutView.swift */,
				WATCHAPP00000000000014 /* Assets.xcassets */,
				WATCHAPP00000000000017 /* Info.plist */,
			);
			path = OneRepWatch;
			sourceTree = "<group>";
		};
		DDDDDDDDDDDDDDDDDDDDDDDD /* OneRepStrength */ = {
			isa = PBXGroup;
			children = (
				11111111111111111111111B /* OneRepStrengthApp.swift */,
				11111111111111111111111D /* ContentView.swift */,
				11111111111111111111112B /* AppIntents.swift */,
				FFFFFFFFFFFFFFFFFFFFFFFF /* Models */,
				GGGGGGGGGGGGGGGGGGGGGGGG /* ViewModels */,
				HHHHHHHHHHHHHHHHHHHHHHHH /* Views */,
				JJJJJJJJJJJJJJJJJJJJJJJA /* Services */,
				11111111111111111111111F /* Assets.xcassets */,
			);
			path = OneRepStrength;
			sourceTree = "<group>";
		};
		EEEEEEEEEEEEEEEEEEEEEEEE /* Products */ = {
			isa = PBXGroup;
			children = (
				AAAAAAAAAAAAAAAAAAAAAAAA /* OneRepStrength.app */,
				WATCHAPP00000000000001 /* OneRepWatch.app */,
			);
			name = Products;
			sourceTree = "<group>";
		};
		FFFFFFFFFFFFFFFFFFFFFFFF /* Models */ = {
			isa = PBXGroup;
			children = (
				333333333333333333333332 /* Exercise.swift */,
				333333333333333333333336 /* WorkoutLog.swift */,
				333333333333333333333338 /* TimerPhase.swift */,
				33333333333333333333333C /* WorkoutTemplate.swift */,
				E1EBE1A355E401CE00000005 /* Profile.swift */,
				33333333333333333333333D /* BodyMeasurements.swift */,
				33333333333333333333333F /* WorkoutActivityAttributes.swift */,
			);
			path = Models;
			sourceTree = "<group>";
		};
		GGGGGGGGGGGGGGGGGGGGGGGG /* ViewModels */ = {
			isa = PBXGroup;
			children = (
				444444444444444444444442 /* WorkoutManager.swift */,
				E1EBE1A355E401CE00000003 /* ProfileManager.swift */,
				E1PARTNER000000000001 /* PartnerWorkoutManager.swift */,
			);
			path = ViewModels;
			sourceTree = "<group>";
		};
		HHHHHHHHHHHHHHHHHHHHHHHH /* Views */ = {
			isa = PBXGroup;
			children = (
				ECC6A4CB2F1B0F03003465EF /* SoundMappingView.swift */,
				555555555555555555555554 /* WorkoutListView.swift */,
				555555555555555555555556 /* TimerView.swift */,
				555555555555555555555558 /* HistoryView.swift */,
				55555555555555555555555A /* SettingsView.swift */,
				55555555555555555555555C /* OnboardingView.swift */,
				55555555555555555555555E /* ProfileView.swift */,
				E1PARTNERV00000000001 /* PartnerWorkoutView.swift */,
				555555555555555555555560 /* RestView.swift */,
				555555555555555555555572 /* DataAnalyticsView.swift */,
				555555555555555555555574 /* ProgressChartsView.swift */,
				555555555555555555555576 /* RoutinesView.swift */,
				555555555555555555555578 /* RoutineDetailView.swift */,
				55555555555555555555557A /* SaveAsTemplateSheet.swift */,
				55555555555555555555557B /* StatsView.swift */,
				VOICEBTN00000000000000 /* VoiceCommandButton.swift */,
			);
			path = Views;
			sourceTree = "<group>";
		};
		JJJJJJJJJJJJJJJJJJJJJJJA /* Services */ = {
			isa = PBXGroup;
			children = (
				666666666666666666666662 /* AudioManager.swift */,
				ECC6A4C92F1B0EC1003465EF /* SoundMappingManager.swift */,
				666666666666666666666666 /* ThemeManager.swift */,
				666666666666666666666668 /* WorkoutTemplateManager.swift */,
				66666666666666666666666A /* WorkoutScheduler.swift */,
				66666666666666666666666C /* HealthKitManager.swift */,
				66666666666666666666666E /* CloudSyncManager.swift */,
				666666666666666666666670 /* SecureStorage.swift */,
				E1EBE1A355E401CE00000001 /* ElevenLabsService.swift */,
				VOICECMD00000000000000 /* VoiceCommandService.swift */,
				WHISPERAPI0000000000 /* WhisperAPIService.swift */,
				666666666666666666666671 /* WorkoutActivityManager.swift */,
				666666666666666666666673 /* WatchConnectivityManager.swift */,
				ECC6AA782F1B44DE003465EF /* default_sound_mappings.json */,
				ECC6A9DA2F1B20F5003465EF /* Audio 2 */,
			);
			path = Services;
			sourceTree = "<group>";
		};
/* End PBXGroup section */

/* Begin PBXNativeTarget section */
		IIIIIIIIIIIIIIIIIIIIIIII /* OneRepStrength */ = {
			isa = PBXNativeTarget;
			buildConfigurationList = JJJJJJJJJJJJJJJJJJJJJJJJ /* Build configuration list for PBXNativeTarget "OneRepStrength" */;
			buildPhases = (
				KKKKKKKKKKKKKKKKKKKKKKKK /* Sources */,
				BBBBBBBBBBBBBBBBBBBBBBBB /* Frameworks */,
				LLLLLLLLLLLLLLLLLLLLLLLL /* Resources */,
				WATCHAPP00000000000013 /* Embed Watch Content */,
			);
			buildRules = (
			);
			dependencies = (
				WATCHAPP00000000000011 /* PBXTargetDependency */,
			);
			fileSystemSynchronizedGroups = (
				ECC6A9DA2F1B20F5003465EF /* Audio 2 */,
			);
			name = OneRepStrength;
			productName = OneRepStrength;
			productReference = AAAAAAAAAAAAAAAAAAAAAAAA /* OneRepStrength.app */;
			productType = "com.apple.product-type.application";
		};
		WATCHAPP00000000000002 /* OneRepWatch */ = {
			isa = PBXNativeTarget;
			buildConfigurationList = WATCHAPP0000000000000F /* Build configuration list for PBXNativeTarget "OneRepWatch" */;
			buildPhases = (
				WATCHAPP00000000000003 /* Sources */,
				WATCHAPP00000000000005 /* Frameworks */,
				WATCHAPP00000000000004 /* Resources */,
			);
			buildRules = (
			);
			dependencies = (
			);
			name = OneRepWatch;
			productName = OneRepWatch;
			productReference = WATCHAPP00000000000001 /* OneRepWatch.app */;
			productType = "com.apple.product-type.application";
		};
/* End PBXNativeTarget section */

/* Begin PBXProject section */
		MMMMMMMMMMMMMMMMMMMMMMMM /* Project object */ = {
			isa = PBXProject;
			attributes = {
				BuildIndependentTargetsInParallel = 1;
				LastSwiftUpdateCheck = 1500;
				LastUpgradeCheck = 1500;
				TargetAttributes = {
					IIIIIIIIIIIIIIIIIIIIIIII = {
						CreatedOnToolsVersion = 15.0;
					};
					WATCHAPP00000000000002 = {
						CreatedOnToolsVersion = 15.0;
					};
				};
			};
			buildConfigurationList = NNNNNNNNNNNNNNNNNNNNNNNN /* Build configuration list for PBXProject "OneRepStrength" */;
			compatibilityVersion = "Xcode 14.0";
			developmentRegion = en;
			hasScannedForEncodings = 0;
			knownRegions = (
				en,
				Base,
			);
			mainGroup = CCCCCCCCCCCCCCCCCCCCCCCC;
			productRefGroup = EEEEEEEEEEEEEEEEEEEEEEEE /* Products */;
			projectDirPath = "";
			projectRoot = "";
			targets = (
				IIIIIIIIIIIIIIIIIIIIIIII /* OneRepStrength */,
				WATCHAPP00000000000002 /* OneRepWatch */,
			);
		};
/* End PBXProject section */

/* Begin PBXResourcesBuildPhase section */
		LLLLLLLLLLLLLLLLLLLLLLLL /* Resources */ = {
			isa = PBXResourcesBuildPhase;
			buildActionMask = 2147483647;
			files = (
				11111111111111111111111E /* Assets.xcassets in Resources */,
				ECC6AA792F1B44DE003465EF /* default_sound_mappings.json in Resources */,
			);
			runOnlyForDeploymentPostprocessing = 0;
		};
		WATCHAPP00000000000004 /* Resources */ = {
			isa = PBXResourcesBuildPhase;
			buildActionMask = 2147483647;
			files = (
				WATCHAPP00000000000015 /* Assets.xcassets in Resources */,
			);
			runOnlyForDeploymentPostprocessing = 0;
		};
/* End PBXResourcesBuildPhase section */

/* Begin PBXTargetDependency section */
		WATCHAPP00000000000011 /* PBXTargetDependency */ = {
			isa = PBXTargetDependency;
			target = WATCHAPP00000000000002 /* OneRepWatch */;
			targetProxy = WATCHAPP00000000000010 /* PBXContainerItemProxy */;
		};
/* End PBXTargetDependency section */

/* Begin PBXFrameworksBuildPhase section (Watch) */
		WATCHAPP00000000000005 /* Frameworks */ = {
			isa = PBXFrameworksBuildPhase;
			buildActionMask = 2147483647;
			files = (
			);
			runOnlyForDeploymentPostprocessing = 0;
		};
/* End PBXFrameworksBuildPhase section (Watch) */

/* Begin PBXSourcesBuildPhase section */
		WATCHAPP00000000000003 /* Sources */ = {
			isa = PBXSourcesBuildPhase;
			buildActionMask = 2147483647;
			files = (
				WATCHAPP0000000000000A /* OneRepWatchApp.swift in Sources */,
				WATCHAPP0000000000000B /* ContentView.swift in Sources */,
				WATCHAPP0000000000000C /* WorkoutView.swift in Sources */,
			);
			runOnlyForDeploymentPostprocessing = 0;
		};
		KKKKKKKKKKKKKKKKKKKKKKKK /* Sources */ = {
			isa = PBXSourcesBuildPhase;
			buildActionMask = 2147483647;
			files = (
				11111111111111111111111A /* OneRepStrengthApp.swift in Sources */,
				11111111111111111111111C /* ContentView.swift in Sources */,
				ECC6A4CA2F1B0EC1003465EF /* SoundMappingManager.swift in Sources */,
				11111111111111111111112A /* AppIntents.swift in Sources */,
				333333333333333333333331 /* Exercise.swift in Sources */,
				333333333333333333333335 /* WorkoutLog.swift in Sources */,
				333333333333333333333337 /* TimerPhase.swift in Sources */,
				33333333333333333333333B /* WorkoutTemplate.swift in Sources */,
				E1EBE1A355E401CE00000006 /* Profile.swift in Sources */,
				33333333333333333333333E /* BodyMeasurements.swift in Sources */,
				333333333333333333333340 /* WorkoutActivityAttributes.swift in Sources */,
				444444444444444444444441 /* WorkoutManager.swift in Sources */,
				E1EBE1A355E401CE00000004 /* ProfileManager.swift in Sources */,
				E1EBE1A355E401CE00000004 /* ProfileManager.swift in Sources */,
				E1PARTNER000000000002 /* PartnerWorkoutManager.swift in Sources */,
				555555555555555555555553 /* WorkoutListView.swift in Sources */,
				555555555555555555555555 /* TimerView.swift in Sources */,
				ECC6A4CC2F1B0F03003465EF /* SoundMappingView.swift in Sources */,
				555555555555555555555557 /* HistoryView.swift in Sources */,
				555555555555555555555559 /* SettingsView.swift in Sources */,
				55555555555555555555555B /* OnboardingView.swift in Sources */,
				55555555555555555555555D /* ProfileView.swift in Sources */,
				E1PARTNERV00000000002 /* PartnerWorkoutView.swift in Sources */,
				55555555555555555555555F /* RestView.swift in Sources */,
				555555555555555555555571 /* DataAnalyticsView.swift in Sources */,
				555555555555555555555573 /* ProgressChartsView.swift in Sources */,
				555555555555555555555575 /* RoutinesView.swift in Sources */,
				555555555555555555555577 /* RoutineDetailView.swift in Sources */,
				555555555555555555555579 /* SaveAsTemplateSheet.swift in Sources */,
				55555555555555555555557C /* StatsView.swift in Sources */,
				666666666666666666666661 /* AudioManager.swift in Sources */,
				666666666666666666666665 /* ThemeManager.swift in Sources */,
				666666666666666666666667 /* WorkoutTemplateManager.swift in Sources */,
				666666666666666666666669 /* WorkoutScheduler.swift in Sources */,
				66666666666666666666666B /* HealthKitManager.swift in Sources */,
				66666666666666666666666D /* CloudSyncManager.swift in Sources */,
				66666666666666666666666F /* SecureStorage.swift in Sources */,
				E1EBE1A355E401CE00000002 /* ElevenLabsService.swift in Sources */,
				E1EBE1A355E401CE00000002 /* ElevenLabsService.swift in Sources */,
				VOICECMD00000000000001 /* VoiceCommandService.swift in Sources */,
				VOICEBTN00000000000001 /* VoiceCommandButton.swift in Sources */,
				WHISPERAPI0000000001 /* WhisperAPIService.swift in Sources */,
				666666666666666666666672 /* WorkoutActivityManager.swift in Sources */,
				666666666666666666666674 /* WatchConnectivityManager.swift in Sources */,
			);
			runOnlyForDeploymentPostprocessing = 0;
		};
/* End PBXSourcesBuildPhase section */

/* Begin XCBuildConfiguration section */
		OOOOOOOOOOOOOOOOOOOOOOOO /* Debug */ = {
			isa = XCBuildConfiguration;
			buildSettings = {
				ALWAYS_SEARCH_USER_PATHS = NO;
				ASSETCATALOG_COMPILER_GENERATE_SWIFT_ASSET_SYMBOL_EXTENSIONS = YES;
				CLANG_ANALYZER_NONNULL = YES;
				CLANG_ANALYZER_NUMBER_OBJECT_CONVERSION = YES_AGGRESSIVE;
				CLANG_CXX_LANGUAGE_STANDARD = "gnu++20";
				CLANG_ENABLE_MODULES = YES;
				CLANG_ENABLE_OBJC_ARC = YES;
				CLANG_ENABLE_OBJC_WEAK = YES;
				CLANG_WARN_BLOCK_CAPTURE_AUTORELEASING = YES;
				CLANG_WARN_BOOL_CONVERSION = YES;
				CLANG_WARN_COMMA = YES;
				CLANG_WARN_CONSTANT_CONVERSION = YES;
				CLANG_WARN_DEPRECATED_OBJC_IMPLEMENTATIONS = YES;
				CLANG_WARN_DIRECT_OBJC_ISA_USAGE = YES_ERROR;
				CLANG_WARN_DOCUMENTATION_COMMENTS = YES;
				CLANG_WARN_EMPTY_BODY = YES;
				CLANG_WARN_ENUM_CONVERSION = YES;
				CLANG_WARN_INFINITE_RECURSION = YES;
				CLANG_WARN_INT_CONVERSION = YES;
				CLANG_WARN_NON_LITERAL_NULL_CONVERSION = YES;
				CLANG_WARN_OBJC_IMPLICIT_RETAIN_SELF = YES;
				CLANG_WARN_OBJC_LITERAL_CONVERSION = YES;
				CLANG_WARN_OBJC_ROOT_CLASS = YES_ERROR;
				CLANG_WARN_QUOTED_INCLUDE_IN_FRAMEWORK_HEADER = YES;
				CLANG_WARN_RANGE_LOOP_ANALYSIS = YES;
				CLANG_WARN_STRICT_PROTOTYPES = YES;
				CLANG_WARN_SUSPICIOUS_MOVE = YES;
				CLANG_WARN_UNGUARDED_AVAILABILITY = YES_AGGRESSIVE;
				CLANG_WARN_UNREACHABLE_CODE = YES;
				CLANG_WARN__DUPLICATE_METHOD_MATCH = YES;
				COPY_PHASE_STRIP = NO;
				DEBUG_INFORMATION_FORMAT = dwarf;
				ENABLE_STRICT_OBJC_MSGSEND = YES;
				ENABLE_TESTABILITY = YES;
				ENABLE_USER_SCRIPT_SANDBOXING = YES;
				GCC_C_LANGUAGE_STANDARD = gnu17;
				GCC_DYNAMIC_NO_PIC = NO;
				GCC_NO_COMMON_BLOCKS = YES;
				GCC_OPTIMIZATION_LEVEL = 0;
				GCC_PREPROCESSOR_DEFINITIONS = (
					"DEBUG=1",
					"$(inherited)",
				);
				GCC_WARN_64_TO_32_BIT_CONVERSION = YES;
				GCC_WARN_ABOUT_RETURN_TYPE = YES_ERROR;
				GCC_WARN_UNDECLARED_SELECTOR = YES;
				GCC_WARN_UNINITIALIZED_AUTOS = YES_AGGRESSIVE;
				GCC_WARN_UNUSED_FUNCTION = YES;
				GCC_WARN_UNUSED_VARIABLE = YES;
				IPHONEOS_DEPLOYMENT_TARGET = 17.0;
				LOCALIZATION_PREFERS_STRING_CATALOGS = YES;
				MTL_ENABLE_DEBUG_INFO = INCLUDE_SOURCE;
				MTL_FAST_MATH = YES;
				ONLY_ACTIVE_ARCH = YES;
				SDKROOT = iphoneos;
				SWIFT_ACTIVE_COMPILATION_CONDITIONS = "DEBUG $(inherited)";
				SWIFT_OPTIMIZATION_LEVEL = "-Onone";
			};
			name = Debug;
		};
		PPPPPPPPPPPPPPPPPPPPPPPP /* Release */ = {
			isa = XCBuildConfiguration;
			buildSettings = {
				ALWAYS_SEARCH_USER_PATHS = NO;
				ASSETCATALOG_COMPILER_GENERATE_SWIFT_ASSET_SYMBOL_EXTENSIONS = YES;
				CLANG_ANALYZER_NONNULL = YES;
				CLANG_ANALYZER_NUMBER_OBJECT_CONVERSION = YES_AGGRESSIVE;
				CLANG_CXX_LANGUAGE_STANDARD = "gnu++20";
				CLANG_ENABLE_MODULES = YES;
				CLANG_ENABLE_OBJC_ARC = YES;
				CLANG_ENABLE_OBJC_WEAK = YES;
				CLANG_WARN_BLOCK_CAPTURE_AUTORELEASING = YES;
				CLANG_WARN_BOOL_CONVERSION = YES;
				CLANG_WARN_COMMA = YES;
				CLANG_WARN_CONSTANT_CONVERSION = YES;
				CLANG_WARN_DEPRECATED_OBJC_IMPLEMENTATIONS = YES;
				CLANG_WARN_DIRECT_OBJC_ISA_USAGE = YES_ERROR;
				CLANG_WARN_DOCUMENTATION_COMMENTS = YES;
				CLANG_WARN_EMPTY_BODY = YES;
				CLANG_WARN_ENUM_CONVERSION = YES;
				CLANG_WARN_INFINITE_RECURSION = YES;
				CLANG_WARN_INT_CONVERSION = YES;
				CLANG_WARN_NON_LITERAL_NULL_CONVERSION = YES;
				CLANG_WARN_OBJC_IMPLICIT_RETAIN_SELF = YES;
				CLANG_WARN_OBJC_LITERAL_CONVERSION = YES;
				CLANG_WARN_OBJC_ROOT_CLASS = YES_ERROR;
				CLANG_WARN_QUOTED_INCLUDE_IN_FRAMEWORK_HEADER = YES;
				CLANG_WARN_RANGE_LOOP_ANALYSIS = YES;
				CLANG_WARN_STRICT_PROTOTYPES = YES;
				CLANG_WARN_SUSPICIOUS_MOVE = YES;
				CLANG_WARN_UNGUARDED_AVAILABILITY = YES_AGGRESSIVE;
				CLANG_WARN_UNREACHABLE_CODE = YES;
				CLANG_WARN__DUPLICATE_METHOD_MATCH = YES;
				COPY_PHASE_STRIP = NO;
				DEBUG_INFORMATION_FORMAT = "dwarf-with-dsym";
				ENABLE_NS_ASSERTIONS = NO;
				ENABLE_STRICT_OBJC_MSGSEND = YES;
				ENABLE_USER_SCRIPT_SANDBOXING = YES;
				GCC_C_LANGUAGE_STANDARD = gnu17;
				GCC_NO_COMMON_BLOCKS = YES;
				GCC_WARN_64_TO_32_BIT_CONVERSION = YES;
				GCC_WARN_ABOUT_RETURN_TYPE = YES_ERROR;
				GCC_WARN_UNDECLARED_SELECTOR = YES;
				GCC_WARN_UNINITIALIZED_AUTOS = YES_AGGRESSIVE;
				GCC_WARN_UNUSED_FUNCTION = YES;
				GCC_WARN_UNUSED_VARIABLE = YES;
				IPHONEOS_DEPLOYMENT_TARGET = 17.0;
				LOCALIZATION_PREFERS_STRING_CATALOGS = YES;
				MTL_ENABLE_DEBUG_INFO = NO;
				MTL_FAST_MATH = YES;
				SDKROOT = iphoneos;
				SWIFT_COMPILATION_MODE = wholemodule;
				VALIDATE_PRODUCT = YES;
			};
			name = Release;
		};
		QQQQQQQQQQQQQQQQQQQQQQQQ /* Debug */ = {
			isa = XCBuildConfiguration;
			buildSettings = {
				ASSETCATALOG_COMPILER_APPICON_NAME = AppIcon;
				ASSETCATALOG_COMPILER_GLOBAL_ACCENT_COLOR_NAME = AccentColor;
				CODE_SIGN_STYLE = Automatic;
				CURRENT_PROJECT_VERSION = 1;
				DEVELOPMENT_TEAM = P96DZPGQGW;
				ENABLE_PREVIEWS = YES;
				GENERATE_INFOPLIST_FILE = YES;
				INFOPLIST_KEY_CFBundleDisplayName = "One Rep";
				INFOPLIST_KEY_NSMicrophoneUsageDescription = "OneRepStrength uses the microphone for voice commands during your workout.";
				INFOPLIST_KEY_NSSpeechRecognitionUsageDescription = "OneRepStrength uses speech recognition to understand your voice commands for hands-free workout control.";
				INFOPLIST_KEY_UIApplicationSceneManifest_Generation = YES;
				INFOPLIST_KEY_UIApplicationSupportsIndirectInputEvents = YES;
				INFOPLIST_KEY_UIBackgroundModes = audio;
				INFOPLIST_KEY_UILaunchScreen_Generation = YES;
				INFOPLIST_KEY_UISupportedInterfaceOrientations_iPad = "UIInterfaceOrientationPortrait UIInterfaceOrientationPortraitUpsideDown UIInterfaceOrientationLandscapeLeft UIInterfaceOrientationLandscapeRight";
				INFOPLIST_KEY_UISupportedInterfaceOrientations_iPhone = "UIInterfaceOrientationPortrait UIInterfaceOrientationLandscapeLeft UIInterfaceOrientationLandscapeRight";
				LD_RUNPATH_SEARCH_PATHS = (
					"$(inherited)",
					"@executable_path/Frameworks",
				);
				MARKETING_VERSION = 1.0;
				PRODUCT_BUNDLE_IDENTIFIER = com.onerepstrength.app;
				PRODUCT_NAME = "$(TARGET_NAME)";
				SWIFT_EMIT_LOC_STRINGS = YES;
				SWIFT_VERSION = 5.0;
				TARGETED_DEVICE_FAMILY = "1,2";
			};
			name = Debug;
		};
		RRRRRRRRRRRRRRRRRRRRRRRR /* Release */ = {
			isa = XCBuildConfiguration;
			buildSettings = {
				ASSETCATALOG_COMPILER_APPICON_NAME = AppIcon;
				ASSETCATALOG_COMPILER_GLOBAL_ACCENT_COLOR_NAME = AccentColor;
				CODE_SIGN_STYLE = Automatic;
				CURRENT_PROJECT_VERSION = 1;
				DEVELOPMENT_TEAM = P96DZPGQGW;
				ENABLE_PREVIEWS = YES;
				GENERATE_INFOPLIST_FILE = YES;
				INFOPLIST_KEY_CFBundleDisplayName = "One Rep";
				INFOPLIST_KEY_NSMicrophoneUsageDescription = "OneRepStrength uses the microphone for voice commands during your workout.";
				INFOPLIST_KEY_NSSpeechRecognitionUsageDescription = "OneRepStrength uses speech recognition to understand your voice commands for hands-free workout control.";
				INFOPLIST_KEY_UIApplicationSceneManifest_Generation = YES;
				INFOPLIST_KEY_UIApplicationSupportsIndirectInputEvents = YES;
				INFOPLIST_KEY_UIBackgroundModes = audio;
				INFOPLIST_KEY_UILaunchScreen_Generation = YES;
				INFOPLIST_KEY_UISupportedInterfaceOrientations_iPad = "UIInterfaceOrientationPortrait UIInterfaceOrientationPortraitUpsideDown UIInterfaceOrientationLandscapeLeft UIInterfaceOrientationLandscapeRight";
				INFOPLIST_KEY_UISupportedInterfaceOrientations_iPhone = "UIInterfaceOrientationPortrait UIInterfaceOrientationLandscapeLeft UIInterfaceOrientationLandscapeRight";
				LD_RUNPATH_SEARCH_PATHS = (
					"$(inherited)",
					"@executable_path/Frameworks",
				);
				MARKETING_VERSION = 1.0;
				PRODUCT_BUNDLE_IDENTIFIER = com.onerepstrength.app;
				PRODUCT_NAME = "$(TARGET_NAME)";
				SWIFT_EMIT_LOC_STRINGS = YES;
				SWIFT_VERSION = 5.0;
				TARGETED_DEVICE_FAMILY = "1,2";
			};
			name = Release;
		};
		WATCHAPP0000000000000D /* Debug */ = {
			isa = XCBuildConfiguration;
			buildSettings = {
				ASSETCATALOG_COMPILER_APPICON_NAME = AppIcon;
				ASSETCATALOG_COMPILER_GLOBAL_ACCENT_COLOR_NAME = AccentColor;
				CODE_SIGN_STYLE = Automatic;
				CURRENT_PROJECT_VERSION = 1;
				DEVELOPMENT_TEAM = P96DZPGQGW;
				ENABLE_PREVIEWS = YES;
				GENERATE_INFOPLIST_FILE = YES;
				INFOPLIST_FILE = OneRepWatch/Info.plist;
				INFOPLIST_KEY_CFBundleDisplayName = OneRepWatch;
				INFOPLIST_KEY_UISupportedInterfaceOrientations = "UIInterfaceOrientationPortrait UIInterfaceOrientationPortraitUpsideDown";
				INFOPLIST_KEY_WKCompanionAppBundleIdentifier = com.onerepstrength.app;
				INFOPLIST_KEY_WKRunsIndependentlyOfCompanionApp = NO;
				LD_RUNPATH_SEARCH_PATHS = (
					"$(inherited)",
					"@executable_path/Frameworks",
				);
				MARKETING_VERSION = 1.0;
				PRODUCT_BUNDLE_IDENTIFIER = com.onerepstrength.app.watchkitapp;
				PRODUCT_NAME = "$(TARGET_NAME)";
				SDKROOT = watchos;
				SKIP_INSTALL = YES;
				SUPPORTED_PLATFORMS = "watchos watchsimulator";
				SUPPORTS_MACCATALYST = NO;
				SWIFT_EMIT_LOC_STRINGS = YES;
				SWIFT_VERSION = 5.0;
				TARGETED_DEVICE_FAMILY = 4;
				WATCHOS_DEPLOYMENT_TARGET = 10.0;
			};
			name = Debug;
		};
		WATCHAPP0000000000000E /* Release */ = {
			isa = XCBuildConfiguration;
			buildSettings = {
				ASSETCATALOG_COMPILER_APPICON_NAME = AppIcon;
				ASSETCATALOG_COMPILER_GLOBAL_ACCENT_COLOR_NAME = AccentColor;
				CODE_SIGN_STYLE = Automatic;
				CURRENT_PROJECT_VERSION = 1;
				DEVELOPMENT_TEAM = P96DZPGQGW;
				ENABLE_PREVIEWS = YES;
				GENERATE_INFOPLIST_FILE = YES;
				INFOPLIST_FILE = OneRepWatch/Info.plist;
				INFOPLIST_KEY_CFBundleDisplayName = OneRepWatch;
				INFOPLIST_KEY_UISupportedInterfaceOrientations = "UIInterfaceOrientationPortrait UIInterfaceOrientationPortraitUpsideDown";
				INFOPLIST_KEY_WKCompanionAppBundleIdentifier = com.onerepstrength.app;
				INFOPLIST_KEY_WKRunsIndependentlyOfCompanionApp = NO;
				LD_RUNPATH_SEARCH_PATHS = (
					"$(inherited)",
					"@executable_path/Frameworks",
				);
				MARKETING_VERSION = 1.0;
				PRODUCT_BUNDLE_IDENTIFIER = com.onerepstrength.app.watchkitapp;
				PRODUCT_NAME = "$(TARGET_NAME)";
				SDKROOT = watchos;
				SKIP_INSTALL = YES;
				SUPPORTED_PLATFORMS = "watchos watchsimulator";
				SUPPORTS_MACCATALYST = NO;
				SWIFT_EMIT_LOC_STRINGS = YES;
				SWIFT_VERSION = 5.0;
				TARGETED_DEVICE_FAMILY = 4;
				WATCHOS_DEPLOYMENT_TARGET = 10.0;
			};
			name = Release;
		};
/* End XCBuildConfiguration section */

/* Begin XCConfigurationList section */
		JJJJJJJJJJJJJJJJJJJJJJJJ /* Build configuration list for PBXNativeTarget "OneRepStrength" */ = {
			isa = XCConfigurationList;
			buildConfigurations = (
				QQQQQQQQQQQQQQQQQQQQQQQQ /* Debug */,
				RRRRRRRRRRRRRRRRRRRRRRRR /* Release */,
			);
			defaultConfigurationIsVisible = 0;
			defaultConfigurationName = Release;
		};
		NNNNNNNNNNNNNNNNNNNNNNNN /* Build configuration list for PBXProject "OneRepStrength" */ = {
			isa = XCConfigurationList;
			buildConfigurations = (
				OOOOOOOOOOOOOOOOOOOOOOOO /* Debug */,
				PPPPPPPPPPPPPPPPPPPPPPPP /* Release */,
			);
			defaultConfigurationIsVisible = 0;
			defaultConfigurationName = Release;
		};
		WATCHAPP0000000000000F /* Build configuration list for PBXNativeTarget "OneRepWatch" */ = {
			isa = XCConfigurationList;
			buildConfigurations = (
				WATCHAPP0000000000000D /* Debug */,
				WATCHAPP0000000000000E /* Release */,
			);
			defaultConfigurationIsVisible = 0;
			defaultConfigurationName = Release;
		};
/* End XCConfigurationList section */
	};
	rootObject = MMMMMMMMMMMMMMMMMMMMMMMM /* Project object */;
}
